
Microsoft Visual Studio Solution File, Format Version 12.00
# Visual Studio 15
VisualStudioVersion = 15.0.28307.421
MinimumVisualStudioVersion = 10.0.40219.1
Project("{FAE04EC0-301F-11D3-BF4B-00C04F79EFBC}") = "MiguelRomeroWeb", "MiguelRomeroWeb\MiguelRomeroWeb.csproj", "{A58A8EE6-7FDD-4603-87D1-33581AD52036}"
EndProject
Global
	GlobalSection(SolutionConfigurationPlatforms) = preSolution
		Debug|Any CPU = Debug|Any CPU
		Release|Any CPU = Release|Any CPU
	EndGlobalSection
	GlobalSection(ProjectConfigurationPlatforms) = postSolution
		{A58A8EE6-7FDD-4603-87D1-33581AD52036}.Debug|Any CPU.ActiveCfg = Debug|Any CPU
		{A58A8EE6-7FDD-4603-87D1-33581AD52036}.Debug|Any CPU.Build.0 = Debug|Any CPU
		{A58A8EE6-7FDD-4603-87D1-33581AD52036}.Release|Any CPU.ActiveCfg = Release|Any CPU
		{A58A8EE6-7FDD-4603-87D1-33581AD52036}.Release|Any CPU.Build.0 = Release|Any CPU
	EndGlobalSection
	GlobalSection(SolutionProperties) = preSolution
		HideSolutionNode = FALSE
	EndGlobalSection
	GlobalSection(ExtensibilityGlobals) = postSolution
		SolutionGuid = {2581CA3F-45FE-4651-BA33-1B720657106D}
	EndGlobalSection
EndGlobal
